// !$*UTF8*$!
{
	archiveVersion = 1;
	classes = {
	};
	objectVersion = 60;
	objects = {

/* Begin PBXBuildFile section */
		A70CB9832BA0E5CC005E7CC3 /* AuthPasswordView.swift in Sources */ = {isa = PBXBuildFile; fileRef = A70CB9822BA0E5CC005E7CC3 /* AuthPasswordView.swift */; };
		A70CB9862BA0F470005E7CC3 /* IntroView.swift in Sources */ = {isa = PBXBuildFile; fileRef = A70CB9852BA0F470005E7CC3 /* IntroView.swift */; };
		A70CB9892BA12BD2005E7CC3 /* StatementDetailView.swift in Sources */ = {isa = PBXBuildFile; fileRef = A70CB9882BA12BD2005E7CC3 /* StatementDetailView.swift */; };
		A70CB9902BA27354005E7CC3 /* IntroViewController.swift in Sources */ = {isa = PBXBuildFile; fileRef = A70CB98F2BA27353005E7CC3 /* IntroViewController.swift */; };
		A70CB9922BA27398005E7CC3 /* IntroViewModel.swift in Sources */ = {isa = PBXBuildFile; fileRef = A70CB9912BA27398005E7CC3 /* IntroViewModel.swift */; };
		A70CB9942BA273C1005E7CC3 /* IntroRouter.swift in Sources */ = {isa = PBXBuildFile; fileRef = A70CB9932BA273C1005E7CC3 /* IntroRouter.swift */; };
		A70CB9962BA2742F005E7CC3 /* IntroFactory.swift in Sources */ = {isa = PBXBuildFile; fileRef = A70CB9952BA2742F005E7CC3 /* IntroFactory.swift */; };
		A70CB9982BA275FB005E7CC3 /* AuthCPFFactory.swift in Sources */ = {isa = PBXBuildFile; fileRef = A70CB9972BA275FB005E7CC3 /* AuthCPFFactory.swift */; };
		A70CB99A2BA27641005E7CC3 /* AuthCPFViewController.swift in Sources */ = {isa = PBXBuildFile; fileRef = A70CB9992BA27641005E7CC3 /* AuthCPFViewController.swift */; };
		A70CB99C2BA27649005E7CC3 /* AuthCPFViewModel.swift in Sources */ = {isa = PBXBuildFile; fileRef = A70CB99B2BA27649005E7CC3 /* AuthCPFViewModel.swift */; };
		A70CB99E2BA27650005E7CC3 /* AuthCPFRouter.swift in Sources */ = {isa = PBXBuildFile; fileRef = A70CB99D2BA27650005E7CC3 /* AuthCPFRouter.swift */; };
		A70CB9A02BA276BD005E7CC3 /* AuthPasswordFactory.swift in Sources */ = {isa = PBXBuildFile; fileRef = A70CB99F2BA276BD005E7CC3 /* AuthPasswordFactory.swift */; };
		A70CB9A22BA27A61005E7CC3 /* AuthPasswordViewController.swift in Sources */ = {isa = PBXBuildFile; fileRef = A70CB9A12BA27A61005E7CC3 /* AuthPasswordViewController.swift */; };
		A70CB9A42BA27A7E005E7CC3 /* AuthPasswordRouter.swift in Sources */ = {isa = PBXBuildFile; fileRef = A70CB9A32BA27A7E005E7CC3 /* AuthPasswordRouter.swift */; };
		A70CB9A62BA27A85005E7CC3 /* AuthPasswordViewModel.swift in Sources */ = {isa = PBXBuildFile; fileRef = A70CB9A52BA27A85005E7CC3 /* AuthPasswordViewModel.swift */; };
		A70CB9AA2BA27CF2005E7CC3 /* AuthRepository.swift in Sources */ = {isa = PBXBuildFile; fileRef = A70CB9A92BA27CF2005E7CC3 /* AuthRepository.swift */; };
		A70CB9AC2BA27E17005E7CC3 /* AuthUseCase.swift in Sources */ = {isa = PBXBuildFile; fileRef = A70CB9AB2BA27E17005E7CC3 /* AuthUseCase.swift */; };
		A70CB9B32BA2836D005E7CC3 /* DesignSystem in Frameworks */ = {isa = PBXBuildFile; productRef = A70CB9B22BA2836D005E7CC3 /* DesignSystem */; };
		A70CB9B62BA2837C005E7CC3 /* CoraNetwork in Frameworks */ = {isa = PBXBuildFile; productRef = A70CB9B52BA2837C005E7CC3 /* CoraNetwork */; };
		A70CB9BA2BA3708C005E7CC3 /* StatementDetailViewModel.swift in Sources */ = {isa = PBXBuildFile; fileRef = A70CB9B92BA3708C005E7CC3 /* StatementDetailViewModel.swift */; };
		A70CB9BC2BA37095005E7CC3 /* StatementDetailViewController.swift in Sources */ = {isa = PBXBuildFile; fileRef = A70CB9BB2BA37095005E7CC3 /* StatementDetailViewController.swift */; };
		A70CB9BE2BA370A5005E7CC3 /* StatementDetailRouter.swift in Sources */ = {isa = PBXBuildFile; fileRef = A70CB9BD2BA370A5005E7CC3 /* StatementDetailRouter.swift */; };
		A70CB9C02BA370AD005E7CC3 /* StatementDetailFactory.swift in Sources */ = {isa = PBXBuildFile; fileRef = A70CB9BF2BA370AD005E7CC3 /* StatementDetailFactory.swift */; };
		A70CB9C32BA37265005E7CC3 /* TransactionDetailRepository.swift in Sources */ = {isa = PBXBuildFile; fileRef = A70CB9C22BA37265005E7CC3 /* TransactionDetailRepository.swift */; };
		A70CB9C62BA3BD95005E7CC3 /* TransactionDetail.swift in Sources */ = {isa = PBXBuildFile; fileRef = A70CB9C52BA3BD95005E7CC3 /* TransactionDetail.swift */; };
		A70CB9C92BA3C3B3005E7CC3 /* ViewState.swift in Sources */ = {isa = PBXBuildFile; fileRef = A70CB9C82BA3C3B3005E7CC3 /* ViewState.swift */; };
		A70CB9CB2BA3D302005E7CC3 /* StatementTransactionDetailMapper.swift in Sources */ = {isa = PBXBuildFile; fileRef = A70CB9CA2BA3D302005E7CC3 /* StatementTransactionDetailMapper.swift */; };
		A70CB9CE2BA3D329005E7CC3 /* String.swift in Sources */ = {isa = PBXBuildFile; fileRef = A70CB9CD2BA3D329005E7CC3 /* String.swift */; };
		A70CB9D12BA3D575005E7CC3 /* StatementRouter.swift in Sources */ = {isa = PBXBuildFile; fileRef = A70CB9D02BA3D575005E7CC3 /* StatementRouter.swift */; };
		A70CB9D32BA3D57E005E7CC3 /* StatementView.swift in Sources */ = {isa = PBXBuildFile; fileRef = A70CB9D22BA3D57E005E7CC3 /* StatementView.swift */; };
		A70CB9D52BA3D589005E7CC3 /* StatementViewController.swift in Sources */ = {isa = PBXBuildFile; fileRef = A70CB9D42BA3D589005E7CC3 /* StatementViewController.swift */; };
		A70CB9D72BA3D597005E7CC3 /* StatementViewModel.swift in Sources */ = {isa = PBXBuildFile; fileRef = A70CB9D62BA3D597005E7CC3 /* StatementViewModel.swift */; };
		A70CB9D92BA3D800005E7CC3 /* StatementTransactionTableViewCell.swift in Sources */ = {isa = PBXBuildFile; fileRef = A70CB9D82BA3D800005E7CC3 /* StatementTransactionTableViewCell.swift */; };
		A70CB9DC2BA3D939005E7CC3 /* Transaction.swift in Sources */ = {isa = PBXBuildFile; fileRef = A70CB9DB2BA3D939005E7CC3 /* Transaction.swift */; };
		A70CB9DE2BA3DA48005E7CC3 /* StatementTransactionMapper.swift in Sources */ = {isa = PBXBuildFile; fileRef = A70CB9DD2BA3DA48005E7CC3 /* StatementTransactionMapper.swift */; };
		A70CB9E12BA3DBC9005E7CC3 /* StatementRepository.swift in Sources */ = {isa = PBXBuildFile; fileRef = A70CB9E02BA3DBC9005E7CC3 /* StatementRepository.swift */; };
		A70CB9E32BA3E7A6005E7CC3 /* StatementFactory.swift in Sources */ = {isa = PBXBuildFile; fileRef = A70CB9E22BA3E7A6005E7CC3 /* StatementFactory.swift */; };
		A70CB9E62BA3EAE4005E7CC3 /* ErrorViewController.swift in Sources */ = {isa = PBXBuildFile; fileRef = A70CB9E52BA3EAE4005E7CC3 /* ErrorViewController.swift */; };
		A70CB9E82BA3EAF8005E7CC3 /* ErrorView.swift in Sources */ = {isa = PBXBuildFile; fileRef = A70CB9E72BA3EAF8005E7CC3 /* ErrorView.swift */; };
		A70CB9EA2BA3ED5B005E7CC3 /* ErrorViewModel.swift in Sources */ = {isa = PBXBuildFile; fileRef = A70CB9E92BA3ED5B005E7CC3 /* ErrorViewModel.swift */; };
		A70CB9EC2BA3ED97005E7CC3 /* ErrorRouter.swift in Sources */ = {isa = PBXBuildFile; fileRef = A70CB9EB2BA3ED97005E7CC3 /* ErrorRouter.swift */; };
		A70CB9EE2BA3EDFF005E7CC3 /* ErrorFactory.swift in Sources */ = {isa = PBXBuildFile; fileRef = A70CB9ED2BA3EDFF005E7CC3 /* ErrorFactory.swift */; };
		A70CB9F12BA47CE3005E7CC3 /* CoraSecurity in Frameworks */ = {isa = PBXBuildFile; productRef = A70CB9F02BA47CE3005E7CC3 /* CoraSecurity */; };
		A70CB9F82BA53AC5005E7CC3 /* TransactionListResponse.swift in Sources */ = {isa = PBXBuildFile; fileRef = A70CB9F72BA53AC5005E7CC3 /* TransactionListResponse.swift */; };
		A70CB9FA2BA53F08005E7CC3 /* NSLayoutConstraint.swift in Sources */ = {isa = PBXBuildFile; fileRef = A70CB9F92BA53F08005E7CC3 /* NSLayoutConstraint.swift */; };
		A70CB9FF2BA56779005E7CC3 /* KeychainManagerMock.swift in Sources */ = {isa = PBXBuildFile; fileRef = A70CB9FE2BA56779005E7CC3 /* KeychainManagerMock.swift */; };
		A70CBA022BA567B2005E7CC3 /* AuthUseCaseTests.swift in Sources */ = {isa = PBXBuildFile; fileRef = A70CBA012BA567B2005E7CC3 /* AuthUseCaseTests.swift */; };
		A70CBA042BA56862005E7CC3 /* CoraAuthServiceMock.swift in Sources */ = {isa = PBXBuildFile; fileRef = A70CBA032BA56862005E7CC3 /* CoraAuthServiceMock.swift */; };
		A70CBA062BA56890005E7CC3 /* AuthUseCaseMock.swift in Sources */ = {isa = PBXBuildFile; fileRef = A70CBA052BA56890005E7CC3 /* AuthUseCaseMock.swift */; };
		A70CBA082BA568D0005E7CC3 /* AuthRepositoryTests.swift in Sources */ = {isa = PBXBuildFile; fileRef = A70CBA072BA568D0005E7CC3 /* AuthRepositoryTests.swift */; };
		A70CBA0C2BA56988005E7CC3 /* CoraStatementListServiceMock.swift in Sources */ = {isa = PBXBuildFile; fileRef = A70CBA0B2BA56988005E7CC3 /* CoraStatementListServiceMock.swift */; };
		A70CBA0F2BA569A3005E7CC3 /* StatementRepositoryTests.swift in Sources */ = {isa = PBXBuildFile; fileRef = A70CBA0E2BA569A3005E7CC3 /* StatementRepositoryTests.swift */; };
		A70CBA132BA56A50005E7CC3 /* CoraStatementDetailsServiceMock.swift in Sources */ = {isa = PBXBuildFile; fileRef = A70CBA122BA56A50005E7CC3 /* CoraStatementDetailsServiceMock.swift */; };
		A70CBA152BA56A5A005E7CC3 /* TransactionDetailRepositoryTests.swift in Sources */ = {isa = PBXBuildFile; fileRef = A70CBA142BA56A5A005E7CC3 /* TransactionDetailRepositoryTests.swift */; };
		A72490492B9D094700A77562 /* AppDelegate.swift in Sources */ = {isa = PBXBuildFile; fileRef = A72490482B9D094700A77562 /* AppDelegate.swift */; };
		A724904B2B9D094700A77562 /* SceneDelegate.swift in Sources */ = {isa = PBXBuildFile; fileRef = A724904A2B9D094700A77562 /* SceneDelegate.swift */; };
		A72490502B9D094700A77562 /* Main.storyboard in Resources */ = {isa = PBXBuildFile; fileRef = A724904E2B9D094700A77562 /* Main.storyboard */; };
		A72490552B9D094800A77562 /* Assets.xcassets in Resources */ = {isa = PBXBuildFile; fileRef = A72490542B9D094800A77562 /* Assets.xcassets */; };
		A72490582B9D094800A77562 /* LaunchScreen.storyboard in Resources */ = {isa = PBXBuildFile; fileRef = A72490562B9D094800A77562 /* LaunchScreen.storyboard */; };
		A724907E2B9FE95200A77562 /* AuthCPFView.swift in Sources */ = {isa = PBXBuildFile; fileRef = A724907D2B9FE95200A77562 /* AuthCPFView.swift */; };
		A72490812B9FE9B300A77562 /* DesignSystem in Frameworks */ = {isa = PBXBuildFile; productRef = A72490802B9FE9B300A77562 /* DesignSystem */; };
/* End PBXBuildFile section */

/* Begin PBXContainerItemProxy section */
		A724905F2B9D094900A77562 /* PBXContainerItemProxy */ = {
			isa = PBXContainerItemProxy;
			containerPortal = A724903D2B9D094700A77562 /* Project object */;
			proxyType = 1;
			remoteGlobalIDString = A72490442B9D094700A77562;
			remoteInfo = "Desafio-iOS";
		};
		A72490692B9D094900A77562 /* PBXContainerItemProxy */ = {
			isa = PBXContainerItemProxy;
			containerPortal = A724903D2B9D094700A77562 /* Project object */;
			proxyType = 1;
			remoteGlobalIDString = A72490442B9D094700A77562;
			remoteInfo = "Desafio-iOS";
		};
/* End PBXContainerItemProxy section */

/* Begin PBXFileReference section */
		A70CB9822BA0E5CC005E7CC3 /* AuthPasswordView.swift */ = {isa = PBXFileReference; lastKnownFileType = sourcecode.swift; path = AuthPasswordView.swift; sourceTree = "<group>"; };
		A70CB9852BA0F470005E7CC3 /* IntroView.swift */ = {isa = PBXFileReference; lastKnownFileType = sourcecode.swift; path = IntroView.swift; sourceTree = "<group>"; };
		A70CB9882BA12BD2005E7CC3 /* StatementDetailView.swift */ = {isa = PBXFileReference; lastKnownFileType = sourcecode.swift; path = StatementDetailView.swift; sourceTree = "<group>"; };
		A70CB98F2BA27353005E7CC3 /* IntroViewController.swift */ = {isa = PBXFileReference; lastKnownFileType = sourcecode.swift; path = IntroViewController.swift; sourceTree = "<group>"; };
		A70CB9912BA27398005E7CC3 /* IntroViewModel.swift */ = {isa = PBXFileReference; lastKnownFileType = sourcecode.swift; path = IntroViewModel.swift; sourceTree = "<group>"; };
		A70CB9932BA273C1005E7CC3 /* IntroRouter.swift */ = {isa = PBXFileReference; lastKnownFileType = sourcecode.swift; path = IntroRouter.swift; sourceTree = "<group>"; };
		A70CB9952BA2742F005E7CC3 /* IntroFactory.swift */ = {isa = PBXFileReference; lastKnownFileType = sourcecode.swift; path = IntroFactory.swift; sourceTree = "<group>"; };
		A70CB9972BA275FB005E7CC3 /* AuthCPFFactory.swift */ = {isa = PBXFileReference; lastKnownFileType = sourcecode.swift; path = AuthCPFFactory.swift; sourceTree = "<group>"; };
		A70CB9992BA27641005E7CC3 /* AuthCPFViewController.swift */ = {isa = PBXFileReference; lastKnownFileType = sourcecode.swift; path = AuthCPFViewController.swift; sourceTree = "<group>"; };
		A70CB99B2BA27649005E7CC3 /* AuthCPFViewModel.swift */ = {isa = PBXFileReference; lastKnownFileType = sourcecode.swift; path = AuthCPFViewModel.swift; sourceTree = "<group>"; };
		A70CB99D2BA27650005E7CC3 /* AuthCPFRouter.swift */ = {isa = PBXFileReference; lastKnownFileType = sourcecode.swift; path = AuthCPFRouter.swift; sourceTree = "<group>"; };
		A70CB99F2BA276BD005E7CC3 /* AuthPasswordFactory.swift */ = {isa = PBXFileReference; lastKnownFileType = sourcecode.swift; path = AuthPasswordFactory.swift; sourceTree = "<group>"; };
		A70CB9A12BA27A61005E7CC3 /* AuthPasswordViewController.swift */ = {isa = PBXFileReference; lastKnownFileType = sourcecode.swift; path = AuthPasswordViewController.swift; sourceTree = "<group>"; };
		A70CB9A32BA27A7E005E7CC3 /* AuthPasswordRouter.swift */ = {isa = PBXFileReference; lastKnownFileType = sourcecode.swift; path = AuthPasswordRouter.swift; sourceTree = "<group>"; };
		A70CB9A52BA27A85005E7CC3 /* AuthPasswordViewModel.swift */ = {isa = PBXFileReference; lastKnownFileType = sourcecode.swift; path = AuthPasswordViewModel.swift; sourceTree = "<group>"; };
		A70CB9A92BA27CF2005E7CC3 /* AuthRepository.swift */ = {isa = PBXFileReference; lastKnownFileType = sourcecode.swift; path = AuthRepository.swift; sourceTree = "<group>"; };
		A70CB9AB2BA27E17005E7CC3 /* AuthUseCase.swift */ = {isa = PBXFileReference; lastKnownFileType = sourcecode.swift; path = AuthUseCase.swift; sourceTree = "<group>"; };
		A70CB9B92BA3708C005E7CC3 /* StatementDetailViewModel.swift */ = {isa = PBXFileReference; lastKnownFileType = sourcecode.swift; path = StatementDetailViewModel.swift; sourceTree = "<group>"; };
		A70CB9BB2BA37095005E7CC3 /* StatementDetailViewController.swift */ = {isa = PBXFileReference; lastKnownFileType = sourcecode.swift; path = StatementDetailViewController.swift; sourceTree = "<group>"; };
		A70CB9BD2BA370A5005E7CC3 /* StatementDetailRouter.swift */ = {isa = PBXFileReference; lastKnownFileType = sourcecode.swift; path = StatementDetailRouter.swift; sourceTree = "<group>"; };
		A70CB9BF2BA370AD005E7CC3 /* StatementDetailFactory.swift */ = {isa = PBXFileReference; lastKnownFileType = sourcecode.swift; path = StatementDetailFactory.swift; sourceTree = "<group>"; };
		A70CB9C22BA37265005E7CC3 /* TransactionDetailRepository.swift */ = {isa = PBXFileReference; lastKnownFileType = sourcecode.swift; path = TransactionDetailRepository.swift; sourceTree = "<group>"; };
		A70CB9C52BA3BD95005E7CC3 /* TransactionDetail.swift */ = {isa = PBXFileReference; lastKnownFileType = sourcecode.swift; path = TransactionDetail.swift; sourceTree = "<group>"; };
		A70CB9C82BA3C3B3005E7CC3 /* ViewState.swift */ = {isa = PBXFileReference; lastKnownFileType = sourcecode.swift; path = ViewState.swift; sourceTree = "<group>"; };
		A70CB9CA2BA3D302005E7CC3 /* StatementTransactionDetailMapper.swift */ = {isa = PBXFileReference; lastKnownFileType = sourcecode.swift; path = StatementTransactionDetailMapper.swift; sourceTree = "<group>"; };
		A70CB9CD2BA3D329005E7CC3 /* String.swift */ = {isa = PBXFileReference; lastKnownFileType = sourcecode.swift; path = String.swift; sourceTree = "<group>"; };
		A70CB9D02BA3D575005E7CC3 /* StatementRouter.swift */ = {isa = PBXFileReference; lastKnownFileType = sourcecode.swift; path = StatementRouter.swift; sourceTree = "<group>"; };
		A70CB9D22BA3D57E005E7CC3 /* StatementView.swift */ = {isa = PBXFileReference; lastKnownFileType = sourcecode.swift; path = StatementView.swift; sourceTree = "<group>"; };
		A70CB9D42BA3D589005E7CC3 /* StatementViewController.swift */ = {isa = PBXFileReference; lastKnownFileType = sourcecode.swift; path = StatementViewController.swift; sourceTree = "<group>"; };
		A70CB9D62BA3D597005E7CC3 /* StatementViewModel.swift */ = {isa = PBXFileReference; lastKnownFileType = sourcecode.swift; path = StatementViewModel.swift; sourceTree = "<group>"; };
		A70CB9D82BA3D800005E7CC3 /* StatementTransactionTableViewCell.swift */ = {isa = PBXFileReference; lastKnownFileType = sourcecode.swift; path = StatementTransactionTableViewCell.swift; sourceTree = "<group>"; };
		A70CB9DB2BA3D939005E7CC3 /* Transaction.swift */ = {isa = PBXFileReference; lastKnownFileType = sourcecode.swift; path = Transaction.swift; sourceTree = "<group>"; };
		A70CB9DD2BA3DA48005E7CC3 /* StatementTransactionMapper.swift */ = {isa = PBXFileReference; lastKnownFileType = sourcecode.swift; path = StatementTransactionMapper.swift; sourceTree = "<group>"; };
		A70CB9E02BA3DBC9005E7CC3 /* StatementRepository.swift */ = {isa = PBXFileReference; lastKnownFileType = sourcecode.swift; path = StatementRepository.swift; sourceTree = "<group>"; };
		A70CB9E22BA3E7A6005E7CC3 /* StatementFactory.swift */ = {isa = PBXFileReference; lastKnownFileType = sourcecode.swift; path = StatementFactory.swift; sourceTree = "<group>"; };
		A70CB9E52BA3EAE4005E7CC3 /* ErrorViewController.swift */ = {isa = PBXFileReference; lastKnownFileType = sourcecode.swift; path = ErrorViewController.swift; sourceTree = "<group>"; };
		A70CB9E72BA3EAF8005E7CC3 /* ErrorView.swift */ = {isa = PBXFileReference; lastKnownFileType = sourcecode.swift; path = ErrorView.swift; sourceTree = "<group>"; };
		A70CB9E92BA3ED5B005E7CC3 /* ErrorViewModel.swift */ = {isa = PBXFileReference; lastKnownFileType = sourcecode.swift; path = ErrorViewModel.swift; sourceTree = "<group>"; };
		A70CB9EB2BA3ED97005E7CC3 /* ErrorRouter.swift */ = {isa = PBXFileReference; lastKnownFileType = sourcecode.swift; path = ErrorRouter.swift; sourceTree = "<group>"; };
		A70CB9ED2BA3EDFF005E7CC3 /* ErrorFactory.swift */ = {isa = PBXFileReference; lastKnownFileType = sourcecode.swift; path = ErrorFactory.swift; sourceTree = "<group>"; };
		A70CB9F72BA53AC5005E7CC3 /* TransactionListResponse.swift */ = {isa = PBXFileReference; lastKnownFileType = sourcecode.swift; path = TransactionListResponse.swift; sourceTree = "<group>"; };
		A70CB9F92BA53F08005E7CC3 /* NSLayoutConstraint.swift */ = {isa = PBXFileReference; lastKnownFileType = sourcecode.swift; path = NSLayoutConstraint.swift; sourceTree = "<group>"; };
		A70CB9FD2BA56779005E7CC3 /* Desafio-iOSTests-Bridging-Header.h */ = {isa = PBXFileReference; lastKnownFileType = sourcecode.c.h; path = "Desafio-iOSTests-Bridging-Header.h"; sourceTree = "<group>"; };
		A70CB9FE2BA56779005E7CC3 /* KeychainManagerMock.swift */ = {isa = PBXFileReference; lastKnownFileType = sourcecode.swift; path = KeychainManagerMock.swift; sourceTree = "<group>"; };
		A70CBA012BA567B2005E7CC3 /* AuthUseCaseTests.swift */ = {isa = PBXFileReference; lastKnownFileType = sourcecode.swift; path = AuthUseCaseTests.swift; sourceTree = "<group>"; };
		A70CBA032BA56862005E7CC3 /* CoraAuthServiceMock.swift */ = {isa = PBXFileReference; lastKnownFileType = sourcecode.swift; path = CoraAuthServiceMock.swift; sourceTree = "<group>"; };
		A70CBA052BA56890005E7CC3 /* AuthUseCaseMock.swift */ = {isa = PBXFileReference; lastKnownFileType = sourcecode.swift; path = AuthUseCaseMock.swift; sourceTree = "<group>"; };
		A70CBA072BA568D0005E7CC3 /* AuthRepositoryTests.swift */ = {isa = PBXFileReference; lastKnownFileType = sourcecode.swift; path = AuthRepositoryTests.swift; sourceTree = "<group>"; };
		A70CBA0B2BA56988005E7CC3 /* CoraStatementListServiceMock.swift */ = {isa = PBXFileReference; lastKnownFileType = sourcecode.swift; path = CoraStatementListServiceMock.swift; sourceTree = "<group>"; };
		A70CBA0E2BA569A3005E7CC3 /* StatementRepositoryTests.swift */ = {isa = PBXFileReference; lastKnownFileType = sourcecode.swift; path = StatementRepositoryTests.swift; sourceTree = "<group>"; };
		A70CBA122BA56A50005E7CC3 /* CoraStatementDetailsServiceMock.swift */ = {isa = PBXFileReference; lastKnownFileType = sourcecode.swift; path = CoraStatementDetailsServiceMock.swift; sourceTree = "<group>"; };
		A70CBA142BA56A5A005E7CC3 /* TransactionDetailRepositoryTests.swift */ = {isa = PBXFileReference; lastKnownFileType = sourcecode.swift; path = TransactionDetailRepositoryTests.swift; sourceTree = "<group>"; };
		A72490452B9D094700A77562 /* Desafio-iOS.app */ = {isa = PBXFileReference; explicitFileType = wrapper.application; includeInIndex = 0; path = "Desafio-iOS.app"; sourceTree = BUILT_PRODUCTS_DIR; };
		A72490482B9D094700A77562 /* AppDelegate.swift */ = {isa = PBXFileReference; lastKnownFileType = sourcecode.swift; path = AppDelegate.swift; sourceTree = "<group>"; };
		A724904A2B9D094700A77562 /* SceneDelegate.swift */ = {isa = PBXFileReference; lastKnownFileType = sourcecode.swift; path = SceneDelegate.swift; sourceTree = "<group>"; };
		A724904F2B9D094700A77562 /* Base */ = {isa = PBXFileReference; lastKnownFileType = file.storyboard; name = Base; path = Base.lproj/Main.storyboard; sourceTree = "<group>"; };
		A72490542B9D094800A77562 /* Assets.xcassets */ = {isa = PBXFileReference; lastKnownFileType = folder.assetcatalog; path = Assets.xcassets; sourceTree = "<group>"; };
		A72490572B9D094800A77562 /* Base */ = {isa = PBXFileReference; lastKnownFileType = file.storyboard; name = Base; path = Base.lproj/LaunchScreen.storyboard; sourceTree = "<group>"; };
		A72490592B9D094800A77562 /* Info.plist */ = {isa = PBXFileReference; lastKnownFileType = text.plist.xml; path = Info.plist; sourceTree = "<group>"; };
		A724905E2B9D094900A77562 /* Desafio-iOSTests.xctest */ = {isa = PBXFileReference; explicitFileType = wrapper.cfbundle; includeInIndex = 0; path = "Desafio-iOSTests.xctest"; sourceTree = BUILT_PRODUCTS_DIR; };
		A72490682B9D094900A77562 /* Desafio-iOSUITests.xctest */ = {isa = PBXFileReference; explicitFileType = wrapper.cfbundle; includeInIndex = 0; path = "Desafio-iOSUITests.xctest"; sourceTree = BUILT_PRODUCTS_DIR; };
		A724907D2B9FE95200A77562 /* AuthCPFView.swift */ = {isa = PBXFileReference; lastKnownFileType = sourcecode.swift; path = AuthCPFView.swift; sourceTree = "<group>"; };
/* End PBXFileReference section */

/* Begin PBXFrameworksBuildPhase section */
		A72490422B9D094700A77562 /* Frameworks */ = {
			isa = PBXFrameworksBuildPhase;
			buildActionMask = 2147483647;
			files = (
				A72490812B9FE9B300A77562 /* DesignSystem in Frameworks */,
				A70CB9F12BA47CE3005E7CC3 /* CoraSecurity in Frameworks */,
				A70CB9B62BA2837C005E7CC3 /* CoraNetwork in Frameworks */,
				A70CB9B32BA2836D005E7CC3 /* DesignSystem in Frameworks */,
			);
			runOnlyForDeploymentPostprocessing = 0;
		};
		A724905B2B9D094900A77562 /* Frameworks */ = {
			isa = PBXFrameworksBuildPhase;
			buildActionMask = 2147483647;
			files = (
			);
			runOnlyForDeploymentPostprocessing = 0;
		};
		A72490652B9D094900A77562 /* Frameworks */ = {
			isa = PBXFrameworksBuildPhase;
			buildActionMask = 2147483647;
			files = (
			);
			runOnlyForDeploymentPostprocessing = 0;
		};
/* End PBXFrameworksBuildPhase section */

/* Begin PBXGroup section */
		A70CB9812BA0E5B5005E7CC3 /* AuthPassword */ = {
			isa = PBXGroup;
			children = (
				A70CB9822BA0E5CC005E7CC3 /* AuthPasswordView.swift */,
				A70CB99F2BA276BD005E7CC3 /* AuthPasswordFactory.swift */,
				A70CB9A12BA27A61005E7CC3 /* AuthPasswordViewController.swift */,
				A70CB9A32BA27A7E005E7CC3 /* AuthPasswordRouter.swift */,
				A70CB9A52BA27A85005E7CC3 /* AuthPasswordViewModel.swift */,
			);
			path = AuthPassword;
			sourceTree = "<group>";
		};
		A70CB9842BA0F45D005E7CC3 /* Intro */ = {
			isa = PBXGroup;
			children = (
				A70CB9852BA0F470005E7CC3 /* IntroView.swift */,
				A70CB98F2BA27353005E7CC3 /* IntroViewController.swift */,
				A70CB9912BA27398005E7CC3 /* IntroViewModel.swift */,
				A70CB9932BA273C1005E7CC3 /* IntroRouter.swift */,
				A70CB9952BA2742F005E7CC3 /* IntroFactory.swift */,
			);
			path = Intro;
			sourceTree = "<group>";
		};
		A70CB9872BA12BA8005E7CC3 /* StatementDetail */ = {
			isa = PBXGroup;
			children = (
				A70CB9882BA12BD2005E7CC3 /* StatementDetailView.swift */,
				A70CB9B92BA3708C005E7CC3 /* StatementDetailViewModel.swift */,
				A70CB9BB2BA37095005E7CC3 /* StatementDetailViewController.swift */,
				A70CB9BD2BA370A5005E7CC3 /* StatementDetailRouter.swift */,
				A70CB9BF2BA370AD005E7CC3 /* StatementDetailFactory.swift */,
				A70CB9CA2BA3D302005E7CC3 /* StatementTransactionDetailMapper.swift */,
			);
			path = StatementDetail;
			sourceTree = "<group>";
		};
		A70CB9A72BA27CDD005E7CC3 /* Domain */ = {
			isa = PBXGroup;
			children = (
				A70CB9DF2BA3DB7F005E7CC3 /* Satement */,
				A70CB9C12BA37252005E7CC3 /* TransactionDetail */,
				A70CB9A82BA27CE7005E7CC3 /* Auth */,
			);
			path = Domain;
			sourceTree = "<group>";
		};
		A70CB9A82BA27CE7005E7CC3 /* Auth */ = {
			isa = PBXGroup;
			children = (
				A70CB9A92BA27CF2005E7CC3 /* AuthRepository.swift */,
				A70CB9AB2BA27E17005E7CC3 /* AuthUseCase.swift */,
			);
			path = Auth;
			sourceTree = "<group>";
		};
		A70CB9AD2BA28048005E7CC3 /* Data */ = {
			isa = PBXGroup;
			children = (
				A70CB9DA2BA3D8FB005E7CC3 /* Transaction */,
				A70CB9C42BA3735E005E7CC3 /* TransactionDetail */,
			);
			path = Data;
			sourceTree = "<group>";
		};
		A70CB9C12BA37252005E7CC3 /* TransactionDetail */ = {
			isa = PBXGroup;
			children = (
				A70CB9C22BA37265005E7CC3 /* TransactionDetailRepository.swift */,
			);
			path = TransactionDetail;
			sourceTree = "<group>";
		};
		A70CB9C42BA3735E005E7CC3 /* TransactionDetail */ = {
			isa = PBXGroup;
			children = (
				A70CB9C52BA3BD95005E7CC3 /* TransactionDetail.swift */,
			);
			path = TransactionDetail;
			sourceTree = "<group>";
		};
		A70CB9C72BA3C3A5005E7CC3 /* Utils */ = {
			isa = PBXGroup;
			children = (
				A70CB9CC2BA3D322005E7CC3 /* Extensions */,
				A70CB9C82BA3C3B3005E7CC3 /* ViewState.swift */,
			);
			path = Utils;
			sourceTree = "<group>";
		};
		A70CB9CC2BA3D322005E7CC3 /* Extensions */ = {
			isa = PBXGroup;
			children = (
				A70CB9CD2BA3D329005E7CC3 /* String.swift */,
				A70CB9F92BA53F08005E7CC3 /* NSLayoutConstraint.swift */,
			);
			path = Extensions;
			sourceTree = "<group>";
		};
		A70CB9CF2BA3D551005E7CC3 /* Statement */ = {
			isa = PBXGroup;
			children = (
				A70CB9D02BA3D575005E7CC3 /* StatementRouter.swift */,
				A70CB9D22BA3D57E005E7CC3 /* StatementView.swift */,
				A70CB9D42BA3D589005E7CC3 /* StatementViewController.swift */,
				A70CB9D62BA3D597005E7CC3 /* StatementViewModel.swift */,
				A70CB9D82BA3D800005E7CC3 /* StatementTransactionTableViewCell.swift */,
				A70CB9DD2BA3DA48005E7CC3 /* StatementTransactionMapper.swift */,
				A70CB9E22BA3E7A6005E7CC3 /* StatementFactory.swift */,
			);
			path = Statement;
			sourceTree = "<group>";
		};
		A70CB9DA2BA3D8FB005E7CC3 /* Transaction */ = {
			isa = PBXGroup;
			children = (
				A70CB9DB2BA3D939005E7CC3 /* Transaction.swift */,
				A70CB9F72BA53AC5005E7CC3 /* TransactionListResponse.swift */,
			);
			path = Transaction;
			sourceTree = "<group>";
		};
		A70CB9DF2BA3DB7F005E7CC3 /* Satement */ = {
			isa = PBXGroup;
			children = (
				A70CB9E02BA3DBC9005E7CC3 /* StatementRepository.swift */,
			);
			path = Satement;
			sourceTree = "<group>";
		};
		A70CB9E42BA3EADB005E7CC3 /* Error */ = {
			isa = PBXGroup;
			children = (
				A70CB9E52BA3EAE4005E7CC3 /* ErrorViewController.swift */,
				A70CB9E72BA3EAF8005E7CC3 /* ErrorView.swift */,
				A70CB9E92BA3ED5B005E7CC3 /* ErrorViewModel.swift */,
				A70CB9EB2BA3ED97005E7CC3 /* ErrorRouter.swift */,
				A70CB9ED2BA3EDFF005E7CC3 /* ErrorFactory.swift */,
			);
			path = Error;
			sourceTree = "<group>";
		};
		A70CB9FB2BA56758005E7CC3 /* Domain */ = {
			isa = PBXGroup;
			children = (
				A70CBA102BA56A3E005E7CC3 /* TransactionDetail */,
				A70CBA092BA56976005E7CC3 /* Statement */,
				A70CBA002BA567AC005E7CC3 /* Auth */,
				A70CB9FC2BA56762005E7CC3 /* Mocks */,
			);
			path = Domain;
			sourceTree = "<group>";
		};
		A70CB9FC2BA56762005E7CC3 /* Mocks */ = {
			isa = PBXGroup;
			children = (
				A70CB9FE2BA56779005E7CC3 /* KeychainManagerMock.swift */,
				A70CB9FD2BA56779005E7CC3 /* Desafio-iOSTests-Bridging-Header.h */,
			);
			path = Mocks;
			sourceTree = "<group>";
		};
		A70CBA002BA567AC005E7CC3 /* Auth */ = {
			isa = PBXGroup;
			children = (
				A70CBA0D2BA5698B005E7CC3 /* Mock */,
				A70CBA012BA567B2005E7CC3 /* AuthUseCaseTests.swift */,
				A70CBA072BA568D0005E7CC3 /* AuthRepositoryTests.swift */,
			);
			path = Auth;
			sourceTree = "<group>";
		};
		A70CBA092BA56976005E7CC3 /* Statement */ = {
			isa = PBXGroup;
			children = (
				A70CBA0A2BA5697C005E7CC3 /* Mock */,
				A70CBA0E2BA569A3005E7CC3 /* StatementRepositoryTests.swift */,
			);
			path = Statement;
			sourceTree = "<group>";
		};
		A70CBA0A2BA5697C005E7CC3 /* Mock */ = {
			isa = PBXGroup;
			children = (
				A70CBA0B2BA56988005E7CC3 /* CoraStatementListServiceMock.swift */,
			);
			path = Mock;
			sourceTree = "<group>";
		};
		A70CBA0D2BA5698B005E7CC3 /* Mock */ = {
			isa = PBXGroup;
			children = (
				A70CBA032BA56862005E7CC3 /* CoraAuthServiceMock.swift */,
				A70CBA052BA56890005E7CC3 /* AuthUseCaseMock.swift */,
			);
			path = Mock;
			sourceTree = "<group>";
		};
		A70CBA102BA56A3E005E7CC3 /* TransactionDetail */ = {
			isa = PBXGroup;
			children = (
				A70CBA112BA56A47005E7CC3 /* Mocks */,
				A70CBA142BA56A5A005E7CC3 /* TransactionDetailRepositoryTests.swift */,
			);
			path = TransactionDetail;
			sourceTree = "<group>";
		};
		A70CBA112BA56A47005E7CC3 /* Mocks */ = {
			isa = PBXGroup;
			children = (
				A70CBA122BA56A50005E7CC3 /* CoraStatementDetailsServiceMock.swift */,
			);
			path = Mocks;
			sourceTree = "<group>";
		};
		A724903C2B9D094700A77562 = {
			isa = PBXGroup;
			children = (
				A72490472B9D094700A77562 /* Desafio-iOS */,
				A72490612B9D094900A77562 /* Desafio-iOSTests */,
				A72490462B9D094700A77562 /* Products */,
			);
			sourceTree = "<group>";
		};
		A72490462B9D094700A77562 /* Products */ = {
			isa = PBXGroup;
			children = (
				A72490452B9D094700A77562 /* Desafio-iOS.app */,
				A724905E2B9D094900A77562 /* Desafio-iOSTests.xctest */,
				A72490682B9D094900A77562 /* Desafio-iOSUITests.xctest */,
			);
			name = Products;
			sourceTree = "<group>";
		};
		A72490472B9D094700A77562 /* Desafio-iOS */ = {
			isa = PBXGroup;
			children = (
				A70CB9C72BA3C3A5005E7CC3 /* Utils */,
				A70CB9AD2BA28048005E7CC3 /* Data */,
				A70CB9A72BA27CDD005E7CC3 /* Domain */,
				A724907B2B9FE90A00A77562 /* Presentation */,
				A72490482B9D094700A77562 /* AppDelegate.swift */,
				A724904A2B9D094700A77562 /* SceneDelegate.swift */,
				A724904E2B9D094700A77562 /* Main.storyboard */,
				A72490542B9D094800A77562 /* Assets.xcassets */,
				A72490562B9D094800A77562 /* LaunchScreen.storyboard */,
				A72490592B9D094800A77562 /* Info.plist */,
			);
			path = "Desafio-iOS";
			sourceTree = "<group>";
		};
		A72490612B9D094900A77562 /* Desafio-iOSTests */ = {
			isa = PBXGroup;
			children = (
				A70CB9FB2BA56758005E7CC3 /* Domain */,
			);
			path = "Desafio-iOSTests";
			sourceTree = "<group>";
		};
		A724907B2B9FE90A00A77562 /* Presentation */ = {
			isa = PBXGroup;
			children = (
				A70CB9E42BA3EADB005E7CC3 /* Error */,
				A70CB9CF2BA3D551005E7CC3 /* Statement */,
				A70CB9872BA12BA8005E7CC3 /* StatementDetail */,
				A70CB9842BA0F45D005E7CC3 /* Intro */,
				A70CB9812BA0E5B5005E7CC3 /* AuthPassword */,
				A724907C2B9FE91F00A77562 /* AuthCPF */,
			);
			path = Presentation;
			sourceTree = "<group>";
		};
		A724907C2B9FE91F00A77562 /* AuthCPF */ = {
			isa = PBXGroup;
			children = (
				A724907D2B9FE95200A77562 /* AuthCPFView.swift */,
				A70CB9972BA275FB005E7CC3 /* AuthCPFFactory.swift */,
				A70CB9992BA27641005E7CC3 /* AuthCPFViewController.swift */,
				A70CB99B2BA27649005E7CC3 /* AuthCPFViewModel.swift */,
				A70CB99D2BA27650005E7CC3 /* AuthCPFRouter.swift */,
			);
			path = AuthCPF;
			sourceTree = "<group>";
		};
/* End PBXGroup section */

/* Begin PBXNativeTarget section */
		A72490442B9D094700A77562 /* Desafio-iOS */ = {
			isa = PBXNativeTarget;
			buildConfigurationList = A72490722B9D094900A77562 /* Build configuration list for PBXNativeTarget "Desafio-iOS" */;
			buildPhases = (
				A72490412B9D094700A77562 /* Sources */,
				A72490422B9D094700A77562 /* Frameworks */,
				A72490432B9D094700A77562 /* Resources */,
			);
			buildRules = (
			);
			dependencies = (
			);
			name = "Desafio-iOS";
			packageProductDependencies = (
				A72490802B9FE9B300A77562 /* DesignSystem */,
				A70CB9B22BA2836D005E7CC3 /* DesignSystem */,
				A70CB9B52BA2837C005E7CC3 /* CoraNetwork */,
				A70CB9F02BA47CE3005E7CC3 /* CoraSecurity */,
			);
			productName = "Desafio-iOS";
			productReference = A72490452B9D094700A77562 /* Desafio-iOS.app */;
			productType = "com.apple.product-type.application";
		};
		A724905D2B9D094900A77562 /* Desafio-iOSTests */ = {
			isa = PBXNativeTarget;
			buildConfigurationList = A72490752B9D094900A77562 /* Build configuration list for PBXNativeTarget "Desafio-iOSTests" */;
			buildPhases = (
				A724905A2B9D094900A77562 /* Sources */,
				A724905B2B9D094900A77562 /* Frameworks */,
				A724905C2B9D094900A77562 /* Resources */,
			);
			buildRules = (
			);
			dependencies = (
				A72490602B9D094900A77562 /* PBXTargetDependency */,
			);
			name = "Desafio-iOSTests";
			productName = "Desafio-iOSTests";
			productReference = A724905E2B9D094900A77562 /* Desafio-iOSTests.xctest */;
			productType = "com.apple.product-type.bundle.unit-test";
		};
		A72490672B9D094900A77562 /* Desafio-iOSUITests */ = {
			isa = PBXNativeTarget;
			buildConfigurationList = A72490782B9D094900A77562 /* Build configuration list for PBXNativeTarget "Desafio-iOSUITests" */;
			buildPhases = (
				A72490642B9D094900A77562 /* Sources */,
				A72490652B9D094900A77562 /* Frameworks */,
				A72490662B9D094900A77562 /* Resources */,
			);
			buildRules = (
			);
			dependencies = (
				A724906A2B9D094900A77562 /* PBXTargetDependency */,
			);
			name = "Desafio-iOSUITests";
			productName = "Desafio-iOSUITests";
			productReference = A72490682B9D094900A77562 /* Desafio-iOSUITests.xctest */;
			productType = "com.apple.product-type.bundle.ui-testing";
		};
/* End PBXNativeTarget section */

/* Begin PBXProject section */
		A724903D2B9D094700A77562 /* Project object */ = {
			isa = PBXProject;
			attributes = {
				BuildIndependentTargetsInParallel = 1;
				LastSwiftUpdateCheck = 1500;
				LastUpgradeCheck = 1500;
				TargetAttributes = {
					A72490442B9D094700A77562 = {
						CreatedOnToolsVersion = 15.0;
					};
					A724905D2B9D094900A77562 = {
						CreatedOnToolsVersion = 15.0;
						LastSwiftMigration = 1500;
						TestTargetID = A72490442B9D094700A77562;
					};
					A72490672B9D094900A77562 = {
						CreatedOnToolsVersion = 15.0;
						TestTargetID = A72490442B9D094700A77562;
					};
				};
			};
			buildConfigurationList = A72490402B9D094700A77562 /* Build configuration list for PBXProject "Desafio-iOS" */;
			compatibilityVersion = "Xcode 14.0";
			developmentRegion = en;
			hasScannedForEncodings = 0;
			knownRegions = (
				en,
				Base,
			);
			mainGroup = A724903C2B9D094700A77562;
			packageReferences = (
				A70CB9B12BA2836D005E7CC3 /* XCLocalSwiftPackageReference "../DesignSystem" */,
				A70CB9B42BA2837C005E7CC3 /* XCLocalSwiftPackageReference "../CoraNetwork" */,
				A70CB9EF2BA47CE3005E7CC3 /* XCLocalSwiftPackageReference "../CoraSecurity" */,
			);
			productRefGroup = A72490462B9D094700A77562 /* Products */;
			projectDirPath = "";
			projectRoot = "";
			targets = (
				A72490442B9D094700A77562 /* Desafio-iOS */,
				A724905D2B9D094900A77562 /* Desafio-iOSTests */,
				A72490672B9D094900A77562 /* Desafio-iOSUITests */,
			);
		};
/* End PBXProject section */

/* Begin PBXResourcesBuildPhase section */
		A72490432B9D094700A77562 /* Resources */ = {
			isa = PBXResourcesBuildPhase;
			buildActionMask = 2147483647;
			files = (
				A72490582B9D094800A77562 /* LaunchScreen.storyboard in Resources */,
				A72490552B9D094800A77562 /* Assets.xcassets in Resources */,
				A72490502B9D094700A77562 /* Main.storyboard in Resources */,
			);
			runOnlyForDeploymentPostprocessing = 0;
		};
		A724905C2B9D094900A77562 /* Resources */ = {
			isa = PBXResourcesBuildPhase;
			buildActionMask = 2147483647;
			files = (
			);
			runOnlyForDeploymentPostprocessing = 0;
		};
		A72490662B9D094900A77562 /* Resources */ = {
			isa = PBXResourcesBuildPhase;
			buildActionMask = 2147483647;
			files = (
			);
			runOnlyForDeploymentPostprocessing = 0;
		};
/* End PBXResourcesBuildPhase section */

/* Begin PBXSourcesBuildPhase section */
		A72490412B9D094700A77562 /* Sources */ = {
			isa = PBXSourcesBuildPhase;
			buildActionMask = 2147483647;
			files = (
				A70CB9902BA27354005E7CC3 /* IntroViewController.swift in Sources */,
				A70CB9862BA0F470005E7CC3 /* IntroView.swift in Sources */,
				A70CB9C92BA3C3B3005E7CC3 /* ViewState.swift in Sources */,
				A70CB9A62BA27A85005E7CC3 /* AuthPasswordViewModel.swift in Sources */,
				A70CB9D72BA3D597005E7CC3 /* StatementViewModel.swift in Sources */,
				A70CB9D12BA3D575005E7CC3 /* StatementRouter.swift in Sources */,
				A70CB9E62BA3EAE4005E7CC3 /* ErrorViewController.swift in Sources */,
				A70CB9C62BA3BD95005E7CC3 /* TransactionDetail.swift in Sources */,
				A70CB9C02BA370AD005E7CC3 /* StatementDetailFactory.swift in Sources */,
				A70CB9F82BA53AC5005E7CC3 /* TransactionListResponse.swift in Sources */,
				A70CB9BA2BA3708C005E7CC3 /* StatementDetailViewModel.swift in Sources */,
				A70CB9CB2BA3D302005E7CC3 /* StatementTransactionDetailMapper.swift in Sources */,
				A70CB9A02BA276BD005E7CC3 /* AuthPasswordFactory.swift in Sources */,
				A72490492B9D094700A77562 /* AppDelegate.swift in Sources */,
				A70CB9962BA2742F005E7CC3 /* IntroFactory.swift in Sources */,
				A70CB9EC2BA3ED97005E7CC3 /* ErrorRouter.swift in Sources */,
				A70CB9BE2BA370A5005E7CC3 /* StatementDetailRouter.swift in Sources */,
				A70CB99C2BA27649005E7CC3 /* AuthCPFViewModel.swift in Sources */,
				A70CB9E12BA3DBC9005E7CC3 /* StatementRepository.swift in Sources */,
				A70CB9832BA0E5CC005E7CC3 /* AuthPasswordView.swift in Sources */,
				A724904B2B9D094700A77562 /* SceneDelegate.swift in Sources */,
				A70CB9EA2BA3ED5B005E7CC3 /* ErrorViewModel.swift in Sources */,
				A70CB9D52BA3D589005E7CC3 /* StatementViewController.swift in Sources */,
				A70CB9AC2BA27E17005E7CC3 /* AuthUseCase.swift in Sources */,
				A70CB9A42BA27A7E005E7CC3 /* AuthPasswordRouter.swift in Sources */,
				A70CB9922BA27398005E7CC3 /* IntroViewModel.swift in Sources */,
				A70CB9D92BA3D800005E7CC3 /* StatementTransactionTableViewCell.swift in Sources */,
				A70CB99E2BA27650005E7CC3 /* AuthCPFRouter.swift in Sources */,
				A70CB9D32BA3D57E005E7CC3 /* StatementView.swift in Sources */,
				A70CB9BC2BA37095005E7CC3 /* StatementDetailViewController.swift in Sources */,
				A70CB9C32BA37265005E7CC3 /* TransactionDetailRepository.swift in Sources */,
				A70CB9E82BA3EAF8005E7CC3 /* ErrorView.swift in Sources */,
				A724907E2B9FE95200A77562 /* AuthCPFView.swift in Sources */,
				A70CB9892BA12BD2005E7CC3 /* StatementDetailView.swift in Sources */,
				A70CB9DC2BA3D939005E7CC3 /* Transaction.swift in Sources */,
				A70CB9EE2BA3EDFF005E7CC3 /* ErrorFactory.swift in Sources */,
				A70CB9FA2BA53F08005E7CC3 /* NSLayoutConstraint.swift in Sources */,
				A70CB9A22BA27A61005E7CC3 /* AuthPasswordViewController.swift in Sources */,
				A70CB9DE2BA3DA48005E7CC3 /* StatementTransactionMapper.swift in Sources */,
				A70CB9E32BA3E7A6005E7CC3 /* StatementFactory.swift in Sources */,
				A70CB9982BA275FB005E7CC3 /* AuthCPFFactory.swift in Sources */,
				A70CB9AA2BA27CF2005E7CC3 /* AuthRepository.swift in Sources */,
				A70CB99A2BA27641005E7CC3 /* AuthCPFViewController.swift in Sources */,
				A70CB9CE2BA3D329005E7CC3 /* String.swift in Sources */,
				A70CB9942BA273C1005E7CC3 /* IntroRouter.swift in Sources */,
			);
			runOnlyForDeploymentPostprocessing = 0;
		};
		A724905A2B9D094900A77562 /* Sources */ = {
			isa = PBXSourcesBuildPhase;
			buildActionMask = 2147483647;
			files = (
				A70CB9FF2BA56779005E7CC3 /* KeychainManagerMock.swift in Sources */,
				A70CBA062BA56890005E7CC3 /* AuthUseCaseMock.swift in Sources */,
				A70CBA0F2BA569A3005E7CC3 /* StatementRepositoryTests.swift in Sources */,
				A70CBA132BA56A50005E7CC3 /* CoraStatementDetailsServiceMock.swift in Sources */,
				A70CBA042BA56862005E7CC3 /* CoraAuthServiceMock.swift in Sources */,
				A70CBA022BA567B2005E7CC3 /* AuthUseCaseTests.swift in Sources */,
				A70CBA152BA56A5A005E7CC3 /* TransactionDetailRepositoryTests.swift in Sources */,
				A70CBA0C2BA56988005E7CC3 /* CoraStatementListServiceMock.swift in Sources */,
				A70CBA082BA568D0005E7CC3 /* AuthRepositoryTests.swift in Sources */,
			);
			runOnlyForDeploymentPostprocessing = 0;
		};
		A72490642B9D094900A77562 /* Sources */ = {
			isa = PBXSourcesBuildPhase;
			buildActionMask = 2147483647;
			files = (
			);
			runOnlyForDeploymentPostprocessing = 0;
		};
/* End PBXSourcesBuildPhase section */

/* Begin PBXTargetDependency section */
		A72490602B9D094900A77562 /* PBXTargetDependency */ = {
			isa = PBXTargetDependency;
			target = A72490442B9D094700A77562 /* Desafio-iOS */;
			targetProxy = A724905F2B9D094900A77562 /* PBXContainerItemProxy */;
		};
		A724906A2B9D094900A77562 /* PBXTargetDependency */ = {
			isa = PBXTargetDependency;
			target = A72490442B9D094700A77562 /* Desafio-iOS */;
			targetProxy = A72490692B9D094900A77562 /* PBXContainerItemProxy */;
		};
/* End PBXTargetDependency section */

/* Begin PBXVariantGroup section */
		A724904E2B9D094700A77562 /* Main.storyboard */ = {
			isa = PBXVariantGroup;
			children = (
				A724904F2B9D094700A77562 /* Base */,
			);
			name = Main.storyboard;
			sourceTree = "<group>";
		};
		A72490562B9D094800A77562 /* LaunchScreen.storyboard */ = {
			isa = PBXVariantGroup;
			children = (
				A72490572B9D094800A77562 /* Base */,
			);
			name = LaunchScreen.storyboard;
			sourceTree = "<group>";
		};
/* End PBXVariantGroup section */

/* Begin XCBuildConfiguration section */
		A72490702B9D094900A77562 /* Debug */ = {
			isa = XCBuildConfiguration;
			buildSettings = {
				ALWAYS_SEARCH_USER_PATHS = NO;
				ASSETCATALOG_COMPILER_GENERATE_SWIFT_ASSET_SYMBOL_EXTENSIONS = YES;
				CLANG_ANALYZER_NONNULL = YES;
				CLANG_ANALYZER_NUMBER_OBJECT_CONVERSION = YES_AGGRESSIVE;
				CLANG_CXX_LANGUAGE_STANDARD = "gnu++20";
				CLANG_ENABLE_MODULES = YES;
				CLANG_ENABLE_OBJC_ARC = YES;
				CLANG_ENABLE_OBJC_WEAK = YES;
				CLANG_WARN_BLOCK_CAPTURE_AUTORELEASING = YES;
				CLANG_WARN_BOOL_CONVERSION = YES;
				CLANG_WARN_COMMA = YES;
				CLANG_WARN_CONSTANT_CONVERSION = YES;
				CLANG_WARN_DEPRECATED_OBJC_IMPLEMENTATIONS = YES;
				CLANG_WARN_DIRECT_OBJC_ISA_USAGE = YES_ERROR;
				CLANG_WARN_DOCUMENTATION_COMMENTS = YES;
				CLANG_WARN_EMPTY_BODY = YES;
				CLANG_WARN_ENUM_CONVERSION = YES;
				CLANG_WARN_INFINITE_RECURSION = YES;
				CLANG_WARN_INT_CONVERSION = YES;
				CLANG_WARN_NON_LITERAL_NULL_CONVERSION = YES;
				CLANG_WARN_OBJC_IMPLICIT_RETAIN_SELF = YES;
				CLANG_WARN_OBJC_LITERAL_CONVERSION = YES;
				CLANG_WARN_OBJC_ROOT_CLASS = YES_ERROR;
				CLANG_WARN_QUOTED_INCLUDE_IN_FRAMEWORK_HEADER = YES;
				CLANG_WARN_RANGE_LOOP_ANALYSIS = YES;
				CLANG_WARN_STRICT_PROTOTYPES = YES;
				CLANG_WARN_SUSPICIOUS_MOVE = YES;
				CLANG_WARN_UNGUARDED_AVAILABILITY = YES_AGGRESSIVE;
				CLANG_WARN_UNREACHABLE_CODE = YES;
				CLANG_WARN__DUPLICATE_METHOD_MATCH = YES;
				COPY_PHASE_STRIP = NO;
				DEBUG_INFORMATION_FORMAT = dwarf;
				ENABLE_STRICT_OBJC_MSGSEND = YES;
				ENABLE_TESTABILITY = YES;
				ENABLE_USER_SCRIPT_SANDBOXING = YES;
				GCC_C_LANGUAGE_STANDARD = gnu17;
				GCC_DYNAMIC_NO_PIC = NO;
				GCC_NO_COMMON_BLOCKS = YES;
				GCC_OPTIMIZATION_LEVEL = 0;
				GCC_PREPROCESSOR_DEFINITIONS = (
					"DEBUG=1",
					"$(inherited)",
				);
				GCC_WARN_64_TO_32_BIT_CONVERSION = YES;
				GCC_WARN_ABOUT_RETURN_TYPE = YES_ERROR;
				GCC_WARN_UNDECLARED_SELECTOR = YES;
				GCC_WARN_UNINITIALIZED_AUTOS = YES_AGGRESSIVE;
				GCC_WARN_UNUSED_FUNCTION = YES;
				GCC_WARN_UNUSED_VARIABLE = YES;
				IPHONEOS_DEPLOYMENT_TARGET = 13.0;
				LOCALIZATION_PREFERS_STRING_CATALOGS = YES;
				MTL_ENABLE_DEBUG_INFO = INCLUDE_SOURCE;
				MTL_FAST_MATH = YES;
				ONLY_ACTIVE_ARCH = YES;
				SDKROOT = iphoneos;
				SWIFT_ACTIVE_COMPILATION_CONDITIONS = "DEBUG $(inherited)";
				SWIFT_OPTIMIZATION_LEVEL = "-Onone";
			};
			name = Debug;
		};
		A72490712B9D094900A77562 /* Release */ = {
			isa = XCBuildConfiguration;
			buildSettings = {
				ALWAYS_SEARCH_USER_PATHS = NO;
				ASSETCATALOG_COMPILER_GENERATE_SWIFT_ASSET_SYMBOL_EXTENSIONS = YES;
				CLANG_ANALYZER_NONNULL = YES;
				CLANG_ANALYZER_NUMBER_OBJECT_CONVERSION = YES_AGGRESSIVE;
				CLANG_CXX_LANGUAGE_STANDARD = "gnu++20";
				CLANG_ENABLE_MODULES = YES;
				CLANG_ENABLE_OBJC_ARC = YES;
				CLANG_ENABLE_OBJC_WEAK = YES;
				CLANG_WARN_BLOCK_CAPTURE_AUTORELEASING = YES;
				CLANG_WARN_BOOL_CONVERSION = YES;
				CLANG_WARN_COMMA = YES;
				CLANG_WARN_CONSTANT_CONVERSION = YES;
				CLANG_WARN_DEPRECATED_OBJC_IMPLEMENTATIONS = YES;
				CLANG_WARN_DIRECT_OBJC_ISA_USAGE = YES_ERROR;
				CLANG_WARN_DOCUMENTATION_COMMENTS = YES;
				CLANG_WARN_EMPTY_BODY = YES;
				CLANG_WARN_ENUM_CONVERSION = YES;
				CLANG_WARN_INFINITE_RECURSION = YES;
				CLANG_WARN_INT_CONVERSION = YES;
				CLANG_WARN_NON_LITERAL_NULL_CONVERSION = YES;
				CLANG_WARN_OBJC_IMPLICIT_RETAIN_SELF = YES;
				CLANG_WARN_OBJC_LITERAL_CONVERSION = YES;
				CLANG_WARN_OBJC_ROOT_CLASS = YES_ERROR;
				CLANG_WARN_QUOTED_INCLUDE_IN_FRAMEWORK_HEADER = YES;
				CLANG_WARN_RANGE_LOOP_ANALYSIS = YES;
				CLANG_WARN_STRICT_PROTOTYPES = YES;
				CLANG_WARN_SUSPICIOUS_MOVE = YES;
				CLANG_WARN_UNGUARDED_AVAILABILITY = YES_AGGRESSIVE;
				CLANG_WARN_UNREACHABLE_CODE = YES;
				CLANG_WARN__DUPLICATE_METHOD_MATCH = YES;
				COPY_PHASE_STRIP = NO;
				DEBUG_INFORMATION_FORMAT = "dwarf-with-dsym";
				ENABLE_NS_ASSERTIONS = NO;
				ENABLE_STRICT_OBJC_MSGSEND = YES;
				ENABLE_USER_SCRIPT_SANDBOXING = YES;
				GCC_C_LANGUAGE_STANDARD = gnu17;
				GCC_NO_COMMON_BLOCKS = YES;
				GCC_WARN_64_TO_32_BIT_CONVERSION = YES;
				GCC_WARN_ABOUT_RETURN_TYPE = YES_ERROR;
				GCC_WARN_UNDECLARED_SELECTOR = YES;
				GCC_WARN_UNINITIALIZED_AUTOS = YES_AGGRESSIVE;
				GCC_WARN_UNUSED_FUNCTION = YES;
				GCC_WARN_UNUSED_VARIABLE = YES;
				IPHONEOS_DEPLOYMENT_TARGET = 13.0;
				LOCALIZATION_PREFERS_STRING_CATALOGS = YES;
				MTL_ENABLE_DEBUG_INFO = NO;
				MTL_FAST_MATH = YES;
				SDKROOT = iphoneos;
				SWIFT_COMPILATION_MODE = wholemodule;
				VALIDATE_PRODUCT = YES;
			};
			name = Release;
		};
		A72490732B9D094900A77562 /* Debug */ = {
			isa = XCBuildConfiguration;
			buildSettings = {
				ASSETCATALOG_COMPILER_APPICON_NAME = AppIcon;
				ASSETCATALOG_COMPILER_GLOBAL_ACCENT_COLOR_NAME = AccentColor;
				CODE_SIGN_STYLE = Automatic;
				CURRENT_PROJECT_VERSION = 1;
				DEVELOPMENT_TEAM = V88V9K83N5;
				GENERATE_INFOPLIST_FILE = YES;
				INFOPLIST_FILE = "Desafio-iOS/Info.plist";
				INFOPLIST_KEY_UIApplicationSupportsIndirectInputEvents = YES;
				INFOPLIST_KEY_UILaunchStoryboardName = LaunchScreen;
				INFOPLIST_KEY_UIMainStoryboardFile = Main;
				INFOPLIST_KEY_UIStatusBarStyle = "";
				INFOPLIST_KEY_UISupportedInterfaceOrientations = UIInterfaceOrientationPortrait;
				INFOPLIST_KEY_UISupportedInterfaceOrientations_iPad = "UIInterfaceOrientationLandscapeLeft UIInterfaceOrientationLandscapeRight UIInterfaceOrientationPortrait UIInterfaceOrientationPortraitUpsideDown";
				LD_RUNPATH_SEARCH_PATHS = (
					"$(inherited)",
					"@executable_path/Frameworks",
				);
				MARKETING_VERSION = 1.0;
				PRODUCT_BUNDLE_IDENTIFIER = "anamartinspessoa.Desafio-iOS";
				PRODUCT_NAME = "$(TARGET_NAME)";
				SUPPORTED_PLATFORMS = "iphoneos iphonesimulator";
				SUPPORTS_MACCATALYST = NO;
				SUPPORTS_MAC_DESIGNED_FOR_IPHONE_IPAD = NO;
				SWIFT_EMIT_LOC_STRINGS = YES;
				SWIFT_VERSION = 5.0;
				TARGETED_DEVICE_FAMILY = 1;
			};
			name = Debug;
		};
		A72490742B9D094900A77562 /* Release */ = {
			isa = XCBuildConfiguration;
			buildSettings = {
				ASSETCATALOG_COMPILER_APPICON_NAME = AppIcon;
				ASSETCATALOG_COMPILER_GLOBAL_ACCENT_COLOR_NAME = AccentColor;
				CODE_SIGN_STYLE = Automatic;
				CURRENT_PROJECT_VERSION = 1;
				DEVELOPMENT_TEAM = V88V9K83N5;
				GENERATE_INFOPLIST_FILE = YES;
				INFOPLIST_FILE = "Desafio-iOS/Info.plist";
				INFOPLIST_KEY_UIApplicationSupportsIndirectInputEvents = YES;
				INFOPLIST_KEY_UILaunchStoryboardName = LaunchScreen;
				INFOPLIST_KEY_UIMainStoryboardFile = Main;
				INFOPLIST_KEY_UIStatusBarStyle = "";
				INFOPLIST_KEY_UISupportedInterfaceOrientations = UIInterfaceOrientationPortrait;
				INFOPLIST_KEY_UISupportedInterfaceOrientations_iPad = "UIInterfaceOrientationLandscapeLeft UIInterfaceOrientationLandscapeRight UIInterfaceOrientationPortrait UIInterfaceOrientationPortraitUpsideDown";
				LD_RUNPATH_SEARCH_PATHS = (
					"$(inherited)",
					"@executable_path/Frameworks",
				);
				MARKETING_VERSION = 1.0;
				PRODUCT_BUNDLE_IDENTIFIER = "anamartinspessoa.Desafio-iOS";
				PRODUCT_NAME = "$(TARGET_NAME)";
				SUPPORTED_PLATFORMS = "iphoneos iphonesimulator";
				SUPPORTS_MACCATALYST = NO;
				SUPPORTS_MAC_DESIGNED_FOR_IPHONE_IPAD = NO;
				SWIFT_EMIT_LOC_STRINGS = YES;
				SWIFT_VERSION = 5.0;
				TARGETED_DEVICE_FAMILY = 1;
			};
			name = Release;
		};
		A72490762B9D094900A77562 /* Debug */ = {
			isa = XCBuildConfiguration;
			buildSettings = {
				ALWAYS_EMBED_SWIFT_STANDARD_LIBRARIES = YES;
				BUNDLE_LOADER = "$(TEST_HOST)";
				CLANG_ENABLE_MODULES = YES;
				CODE_SIGN_STYLE = Automatic;
				CURRENT_PROJECT_VERSION = 1;
				DEVELOPMENT_TEAM = V88V9K83N5;
				GENERATE_INFOPLIST_FILE = YES;
				IPHONEOS_DEPLOYMENT_TARGET = 17.0;
				MARKETING_VERSION = 1.0;
				PRODUCT_BUNDLE_IDENTIFIER = "anamartinspessoa.Desafio-iOSTests";
				PRODUCT_NAME = "$(TARGET_NAME)";
				SWIFT_EMIT_LOC_STRINGS = NO;
				SWIFT_OBJC_BRIDGING_HEADER = "Desafio-iOSTests/Domain/Mocks/Desafio-iOSTests-Bridging-Header.h";
				SWIFT_OPTIMIZATION_LEVEL = "-Onone";
				SWIFT_VERSION = 5.0;
				TARGETED_DEVICE_FAMILY = "1,2";
				TEST_HOST = "$(BUILT_PRODUCTS_DIR)/Desafio-iOS.app/$(BUNDLE_EXECUTABLE_FOLDER_PATH)/Desafio-iOS";
			};
			name = Debug;
		};
		A72490772B9D094900A77562 /* Release */ = {
			isa = XCBuildConfiguration;
			buildSettings = {
				ALWAYS_EMBED_SWIFT_STANDARD_LIBRARIES = YES;
				BUNDLE_LOADER = "$(TEST_HOST)";
				CLANG_ENABLE_MODULES = YES;
				CODE_SIGN_STYLE = Automatic;
				CURRENT_PROJECT_VERSION = 1;
				DEVELOPMENT_TEAM = V88V9K83N5;
				GENERATE_INFOPLIST_FILE = YES;
				IPHONEOS_DEPLOYMENT_TARGET = 17.0;
				MARKETING_VERSION = 1.0;
				PRODUCT_BUNDLE_IDENTIFIER = "anamartinspessoa.Desafio-iOSTests";
				PRODUCT_NAME = "$(TARGET_NAME)";
				SWIFT_EMIT_LOC_STRINGS = NO;
				SWIFT_OBJC_BRIDGING_HEADER = "Desafio-iOSTests/Domain/Mocks/Desafio-iOSTests-Bridging-Header.h";
				SWIFT_VERSION = 5.0;
				TARGETED_DEVICE_FAMILY = "1,2";
				TEST_HOST = "$(BUILT_PRODUCTS_DIR)/Desafio-iOS.app/$(BUNDLE_EXECUTABLE_FOLDER_PATH)/Desafio-iOS";
			};
			name = Release;
		};
		A72490792B9D094900A77562 /* Debug */ = {
			isa = XCBuildConfiguration;
			buildSettings = {
				ALWAYS_EMBED_SWIFT_STANDARD_LIBRARIES = YES;
				CODE_SIGN_STYLE = Automatic;
				CURRENT_PROJECT_VERSION = 1;
				DEVELOPMENT_TEAM = V88V9K83N5;
				GENERATE_INFOPLIST_FILE = YES;
				MARKETING_VERSION = 1.0;
				PRODUCT_BUNDLE_IDENTIFIER = "anamartinspessoa.Desafio-iOSUITests";
				PRODUCT_NAME = "$(TARGET_NAME)";
				SWIFT_EMIT_LOC_STRINGS = NO;
				SWIFT_VERSION = 5.0;
				TARGETED_DEVICE_FAMILY = "1,2";
				TEST_TARGET_NAME = "Desafio-iOS";
			};
			name = Debug;
		};
		A724907A2B9D094900A77562 /* Release */ = {
			isa = XCBuildConfiguration;
			buildSettings = {
				ALWAYS_EMBED_SWIFT_STANDARD_LIBRARIES = YES;
				CODE_SIGN_STYLE = Automatic;
				CURRENT_PROJECT_VERSION = 1;
				DEVELOPMENT_TEAM = V88V9K83N5;
				GENERATE_INFOPLIST_FILE = YES;
				MARKETING_VERSION = 1.0;
				PRODUCT_BUNDLE_IDENTIFIER = "anamartinspessoa.Desafio-iOSUITests";
				PRODUCT_NAME = "$(TARGET_NAME)";
				SWIFT_EMIT_LOC_STRINGS = NO;
				SWIFT_VERSION = 5.0;
				TARGETED_DEVICE_FAMILY = "1,2";
				TEST_TARGET_NAME = "Desafio-iOS";
			};
			name = Release;
		};
/* End XCBuildConfiguration section */

/* Begin XCConfigurationList section */
		A72490402B9D094700A77562 /* Build configuration list for PBXProject "Desafio-iOS" */ = {
			isa = XCConfigurationList;
			buildConfigurations = (
				A72490702B9D094900A77562 /* Debug */,
				A72490712B9D094900A77562 /* Release */,
			);
			defaultConfigurationIsVisible = 0;
			defaultConfigurationName = Release;
		};
		A72490722B9D094900A77562 /* Build configuration list for PBXNativeTarget "Desafio-iOS" */ = {
			isa = XCConfigurationList;
			buildConfigurations = (
				A72490732B9D094900A77562 /* Debug */,
				A72490742B9D094900A77562 /* Release */,
			);
			defaultConfigurationIsVisible = 0;
			defaultConfigurationName = Release;
		};
		A72490752B9D094900A77562 /* Build configuration list for PBXNativeTarget "Desafio-iOSTests" */ = {
			isa = XCConfigurationList;
			buildConfigurations = (
				A72490762B9D094900A77562 /* Debug */,
				A72490772B9D094900A77562 /* Release */,
			);
			defaultConfigurationIsVisible = 0;
			defaultConfigurationName = Release;
		};
		A72490782B9D094900A77562 /* Build configuration list for PBXNativeTarget "Desafio-iOSUITests" */ = {
			isa = XCConfigurationList;
			buildConfigurations = (
				A72490792B9D094900A77562 /* Debug */,
				A724907A2B9D094900A77562 /* Release */,
			);
			defaultConfigurationIsVisible = 0;
			defaultConfigurationName = Release;
		};
/* End XCConfigurationList section */

/* Begin XCLocalSwiftPackageReference section */
		A70CB9B12BA2836D005E7CC3 /* XCLocalSwiftPackageReference "../DesignSystem" */ = {
			isa = XCLocalSwiftPackageReference;
			relativePath = ../DesignSystem;
		};
		A70CB9B42BA2837C005E7CC3 /* XCLocalSwiftPackageReference "../CoraNetwork" */ = {
			isa = XCLocalSwiftPackageReference;
			relativePath = ../CoraNetwork;
		};
		A70CB9EF2BA47CE3005E7CC3 /* XCLocalSwiftPackageReference "../CoraSecurity" */ = {
			isa = XCLocalSwiftPackageReference;
			relativePath = ../CoraSecurity;
		};
/* End XCLocalSwiftPackageReference section */

/* Begin XCSwiftPackageProductDependency section */
		A70CB9B22BA2836D005E7CC3 /* DesignSystem */ = {
			isa = XCSwiftPackageProductDependency;
			productName = DesignSystem;
		};
		A70CB9B52BA2837C005E7CC3 /* CoraNetwork */ = {
			isa = XCSwiftPackageProductDependency;
			productName = CoraNetwork;
		};
		A70CB9F02BA47CE3005E7CC3 /* CoraSecurity */ = {
			isa = XCSwiftPackageProductDependency;
			productName = CoraSecurity;
		};
		A72490802B9FE9B300A77562 /* DesignSystem */ = {
			isa = XCSwiftPackageProductDependency;
			productName = DesignSystem;
		};
/* End XCSwiftPackageProductDependency section */
	};
	rootObject = A724903D2B9D094700A77562 /* Project object */;
}
